PODS:
  - Kingfisher (4.5.0)
  - KingfisherWebP (0.3.1.3):
    - Kingfisher (~> 4.5)
    - mjblibwebp (= 0.6.0)
  - mjblibwebp (0.6.0):
    - mjblibwebp/core (= 0.6.0)
    - mjblibwebp/dec (= 0.6.0)
    - mjblibwebp/demux (= 0.6.0)
    - mjblibwebp/dsp (= 0.6.0)
    - mjblibwebp/enc (= 0.6.0)
    - mjblibwebp/mux (= 0.6.0)
    - mjblibwebp/utils (= 0.6.0)
    - mjblibwebp/webp (= 0.6.0)
  - mjblibwebp/core (0.6.0):
    - mjblibwebp/webp
  - mjblibwebp/dec (0.6.0):
    - mjblibwebp/core
  - mjblibwebp/demux (0.6.0):
    - mjblibwebp/core
  - mjblibwebp/dsp (0.6.0):
    - mjblibwebp/core
  - mjblibwebp/enc (0.6.0):
    - mjblibwebp/core
  - mjblibwebp/mux (0.6.0):
    - mjblibwebp/core
  - mjblibwebp/utils (0.6.0):
    - mjblibwebp/core
  - mjblibwebp/webp (0.6.0)

DEPENDENCIES:
  - KingfisherWebP (from `../`)

EXTERNAL SOURCES:
  KingfisherWebP:
    :path: ../

SPEC CHECKSUMS:
  Kingfisher: 26ae0473102b77b575da51960c932431e3745407
  KingfisherWebP: 20a55ba3341839915aa1062ccf1ca3780bfa2c26
  mjblibwebp: 0b9040b47e6a267ae3014fb924ffde9ebb580cd7

PODFILE CHECKSUM: abefc05b2f9a448ee1ae9150242ec8134637dad0

COCOAPODS: 1.4.0
