PODS:
  - Kingfisher (3.6.2)
  - KingfisherWebP (0.2.1):
    - Kingfisher (~> 3.0)
    - libwebp
  - libwebp (0.6.0):
    - libwebp/core (= 0.6.0)
    - libwebp/dec (= 0.6.0)
    - libwebp/demux (= 0.6.0)
    - libwebp/dsp (= 0.6.0)
    - libwebp/enc (= 0.6.0)
    - libwebp/mux (= 0.6.0)
    - libwebp/utils (= 0.6.0)
    - libwebp/webp (= 0.6.0)
  - libwebp/core (0.6.0):
    - libwebp/webp
  - libwebp/dec (0.6.0):
    - libwebp/core
  - libwebp/demux (0.6.0):
    - libwebp/core
  - libwebp/dsp (0.6.0):
    - libwebp/core
  - libwebp/enc (0.6.0):
    - libwebp/core
  - libwebp/mux (0.6.0):
    - libwebp/core
  - libwebp/utils (0.6.0):
    - libwebp/core
  - libwebp/webp (0.6.0)

DEPENDENCIES:
  - KingfisherWebP (from `../`)

EXTERNAL SOURCES:
  KingfisherWebP:
    :path: "../"

SPEC CHECKSUMS:
  Kingfisher: 2c94e72c6830622c71d06adf4ea024c37d316830
  KingfisherWebP: b7d299e4306ae0e7399d6e3665f111e5afbe3116
  libwebp: 1d5a07c2eb97f9c31bd5f154bb82efc0ea67c6a2

PODFILE CHECKSUM: eff381ceca6565d780dee048e102977a526d1112

COCOAPODS: 1.2.1
