PODS:
  - Kingfisher (5.5.0)
  - KingfisherWebP (0.5.0):
    - Kingfisher (~> 5.0)
    - libwebp (>= 0.5.0)
  - libwebp (1.0.2):
    - libwebp/core (= 1.0.2)
    - libwebp/dec (= 1.0.2)
    - libwebp/demux (= 1.0.2)
    - libwebp/dsp (= 1.0.2)
    - libwebp/enc (= 1.0.2)
    - libwebp/mux (= 1.0.2)
    - libwebp/utils (= 1.0.2)
    - libwebp/webp (= 1.0.2)
  - libwebp/core (1.0.2):
    - libwebp/webp
  - libwebp/dec (1.0.2):
    - libwebp/core
  - libwebp/demux (1.0.2):
    - libwebp/core
  - libwebp/dsp (1.0.2):
    - libwebp/core
  - libwebp/enc (1.0.2):
    - libwebp/core
  - libwebp/mux (1.0.2):
    - libwebp/core
  - libwebp/utils (1.0.2):
    - libwebp/core
  - libwebp/webp (1.0.2)

DEPENDENCIES:
  - KingfisherWebP (from `../`)

SPEC REPOS:
  https://github.com/cocoapods/specs.git:
    - Kingfisher
    - libwebp

EXTERNAL SOURCES:
  KingfisherWebP:
    :path: "../"

SPEC CHECKSUMS:
  Kingfisher: 6fe5e67a90fd335e49b0f5c075ff55ac5ebedd94
  KingfisherWebP: 91320aa70790f2810b5e683d22da7c9712080aaf
  libwebp: b068a3bd7c45f7460f6715be7bed1a18fd5d6b48

PODFILE CHECKSUM: 912da7ea47a860c96d3fc41cfad2d5c868f105ec

COCOAPODS: 1.7.0
